
Microsoft Visual Studio Solution File, Format Version 12.00
# Visual Studio Version 17
VisualStudioVersion = 17.6.33712.159
MinimumVisualStudioVersion = 10.0.40219.1
Project("{8BC9CEB8-8B4A-11D0-8D11-00A0C91BC942}") = "Sandbox", "Sandbox\Sandbox.vcxproj", "{0D05D208-ADA3-4815-917D-A649767697B5}"
EndProject
Project("{8BC9CEB8-8B4A-11D0-8D11-00A0C91BC942}") = "Hazel", "Hazel\Hazel.vcxproj", "{4882E04D-6F95-4935-8064-B3FB2D5161FF}"
EndProject
Global
	GlobalSection(SolutionConfigurationPlatforms) = preSolution
		Debug|x64 = Debug|x64
		Release|x64 = Release|x64
	EndGlobalSection
	GlobalSection(ProjectConfigurationPlatforms) = postSolution
		{4882E04D-6F95-4935-8064-B3FB2D5161FF}.Debug|x64.ActiveCfg = Debug|x64
		{4882E04D-6F95-4935-8064-B3FB2D5161FF}.Debug|x64.Build.0 = Debug|x64
		{4882E04D-6F95-4935-8064-B3FB2D5161FF}.Release|x64.ActiveCfg = Release|x64
		{4882E04D-6F95-4935-8064-B3FB2D5161FF}.Release|x64.Build.0 = Release|x64
		{0D05D208-ADA3-4815-917D-A649767697B5}.Debug|x64.ActiveCfg = Debug|x64
		{0D05D208-ADA3-4815-917D-A649767697B5}.Debug|x64.Build.0 = Debug|x64
		{0D05D208-ADA3-4815-917D-A649767697B5}.Release|x64.ActiveCfg = Release|x64
		{0D05D208-ADA3-4815-917D-A649767697B5}.Release|x64.Build.0 = Release|x64
	EndGlobalSection
	GlobalSection(SolutionProperties) = preSolution
		HideSolutionNode = FALSE
	EndGlobalSection
	GlobalSection(ExtensibilityGlobals) = postSolution
		SolutionGuid = {2D0FF679-C04E-4DC7-87F5-19D6EFB504F7}
	EndGlobalSection
EndGlobal
